
Microsoft Visual Studio Solution File, Format Version 12.00
# Visual Studio 15
VisualStudioVersion = 15.0.27130.2024
MinimumVisualStudioVersion = 10.0.40219.1
Project("{6EC3EE1D-3C4E-46DD-8F32-0CC8E7565705}") = "DotnetDependencyAnalysis", "DotnetDependencyAnalysis\DotnetDependencyAnalysis.fsproj", "{B564BDD6-AFD5-4368-AD34-76F792D79B9B}"
EndProject
Project("{F2A71F9B-5D33-465A-A702-920D77279786}") = "DotnetDependencyAnalysis.Tests", "DotnetDependencyAnalysis.Tests\DotnetDependencyAnalysis.Tests.fsproj", "{574E9844-24E7-45C0-B955-01894E6B089B}"
EndProject
Global
	GlobalSection(SolutionConfigurationPlatforms) = preSolution
		Debug|Any CPU = Debug|Any CPU
		Release|Any CPU = Release|Any CPU
	EndGlobalSection
	GlobalSection(ProjectConfigurationPlatforms) = postSolution
		{B564BDD6-AFD5-4368-AD34-76F792D79B9B}.Debug|Any CPU.ActiveCfg = Debug|Any CPU
		{B564BDD6-AFD5-4368-AD34-76F792D79B9B}.Debug|Any CPU.Build.0 = Debug|Any CPU
		{B564BDD6-AFD5-4368-AD34-76F792D79B9B}.Release|Any CPU.ActiveCfg = Release|Any CPU
		{B564BDD6-AFD5-4368-AD34-76F792D79B9B}.Release|Any CPU.Build.0 = Release|Any CPU
		{574E9844-24E7-45C0-B955-01894E6B089B}.Debug|Any CPU.ActiveCfg = Debug|Any CPU
		{574E9844-24E7-45C0-B955-01894E6B089B}.Debug|Any CPU.Build.0 = Debug|Any CPU
		{574E9844-24E7-45C0-B955-01894E6B089B}.Release|Any CPU.ActiveCfg = Release|Any CPU
		{574E9844-24E7-45C0-B955-01894E6B089B}.Release|Any CPU.Build.0 = Release|Any CPU
	EndGlobalSection
	GlobalSection(SolutionProperties) = preSolution
		HideSolutionNode = FALSE
	EndGlobalSection
	GlobalSection(ExtensibilityGlobals) = postSolution
		SolutionGuid = {B00056B8-21F5-451E-9067-23589F4285F1}
	EndGlobalSection
EndGlobal
